// !$*UTF8*$!
{
	archiveVersion = 1;
	classes = {
	};
	objectVersion = 56;
	objects = {

/* Begin PBXBuildFile section */
		0DE099752A27259700C92206 /* little_projectsApp.swift in Sources */ = {isa = PBXBuildFile; fileRef = 0DE099742A27259700C92206 /* little_projectsApp.swift */; };
		0DE099772A27259700C92206 /* ContentView.swift in Sources */ = {isa = PBXBuildFile; fileRef = 0DE099762A27259700C92206 /* ContentView.swift */; };
		0DE099792A27259700C92206 /* Assets.xcassets in Resources */ = {isa = PBXBuildFile; fileRef = 0DE099782A27259700C92206 /* Assets.xcassets */; };
		0DE0997C2A27259700C92206 /* Preview Assets.xcassets in Resources */ = {isa = PBXBuildFile; fileRef = 0DE0997B2A27259700C92206 /* Preview Assets.xcassets */; };
		0DE099862A2726F600C92206 /* MyProgressView.swift in Sources */ = {isa = PBXBuildFile; fileRef = 0DE099852A2726F600C92206 /* MyProgressView.swift */; };
		0DE099882A27723E00C92206 /* MyAppProgress.swift in Sources */ = {isa = PBXBuildFile; fileRef = 0DE099872A27723E00C92206 /* MyAppProgress.swift */; };
		0DE0998C2A2787D300C92206 /* giftProgressView.gif in Resources */ = {isa = PBXBuildFile; fileRef = 0DE0998B2A2787D300C92206 /* giftProgressView.gif */; };
		0DE0998F2A278D4B00C92206 /* giftProgressView.gif in Resources */ = {isa = PBXBuildFile; fileRef = 0DE0998E2A278D4B00C92206 /* giftProgressView.gif */; };
/* End PBXBuildFile section */

/* Begin PBXFileReference section */
		0DE099712A27259700C92206 /* little-projects.app */ = {isa = PBXFileReference; explicitFileType = wrapper.application; includeInIndex = 0; path = "little-projects.app"; sourceTree = BUILT_PRODUCTS_DIR; };
		0DE099742A27259700C92206 /* little_projectsApp.swift */ = {isa = PBXFileReference; lastKnownFileType = sourcecode.swift; path = little_projectsApp.swift; sourceTree = "<group>"; };
		0DE099762A27259700C92206 /* ContentView.swift */ = {isa = PBXFileReference; lastKnownFileType = sourcecode.swift; path = ContentView.swift; sourceTree = "<group>"; };
		0DE099782A27259700C92206 /* Assets.xcassets */ = {isa = PBXFileReference; lastKnownFileType = folder.assetcatalog; path = Assets.xcassets; sourceTree = "<group>"; };
		0DE0997B2A27259700C92206 /* Preview Assets.xcassets */ = {isa = PBXFileReference; lastKnownFileType = folder.assetcatalog; path = "Preview Assets.xcassets"; sourceTree = "<group>"; };
		0DE099852A2726F600C92206 /* MyProgressView.swift */ = {isa = PBXFileReference; lastKnownFileType = sourcecode.swift; path = MyProgressView.swift; sourceTree = "<group>"; };
		0DE099872A27723E00C92206 /* MyAppProgress.swift */ = {isa = PBXFileReference; lastKnownFileType = sourcecode.swift; path = MyAppProgress.swift; sourceTree = "<group>"; };
		0DE0998B2A2787D300C92206 /* giftProgressView.gif */ = {isa = PBXFileReference; lastKnownFileType = image.gif; name = giftProgressView.gif; path = ../../../../../../Downloads/giftProgressView.gif; sourceTree = "<group>"; };
		0DE0998E2A278D4B00C92206 /* giftProgressView.gif */ = {isa = PBXFileReference; lastKnownFileType = image.gif; name = giftProgressView.gif; path = ../../../../../../Downloads/giftProgressView.gif; sourceTree = "<group>"; };
/* End PBXFileReference section */

/* Begin PBXFrameworksBuildPhase section */
		0DE0996E2A27259700C92206 /* Frameworks */ = {
			isa = PBXFrameworksBuildPhase;
			buildActionMask = 2147483647;
			files = (
			);
			runOnlyForDeploymentPostprocessing = 0;
		};
/* End PBXFrameworksBuildPhase section */

/* Begin PBXGroup section */
		0DE099682A27259700C92206 = {
			isa = PBXGroup;
			children = (
				0DE099732A27259700C92206 /* little-projects */,
				0DE099722A27259700C92206 /* Products */,
			);
			sourceTree = "<group>";
		};
		0DE099722A27259700C92206 /* Products */ = {
			isa = PBXGroup;
			children = (
				0DE099712A27259700C92206 /* little-projects.app */,
			);
			name = Products;
			sourceTree = "<group>";
		};
		0DE099732A27259700C92206 /* little-projects */ = {
			isa = PBXGroup;
			children = (
				0DE0998D2A278D3A00C92206 /* New Group */,
				0DE0998A2A2787B800C92206 /* Imagenes */,
				0DE099822A2725BC00C92206 /* progressBar */,
				0DE099742A27259700C92206 /* little_projectsApp.swift */,
				0DE099762A27259700C92206 /* ContentView.swift */,
				0DE099782A27259700C92206 /* Assets.xcassets */,
				0DE0997A2A27259700C92206 /* Preview Content */,
			);
			path = "little-projects";
			sourceTree = "<group>";
		};
		0DE0997A2A27259700C92206 /* Preview Content */ = {
			isa = PBXGroup;
			children = (
				0DE0997B2A27259700C92206 /* Preview Assets.xcassets */,
			);
			path = "Preview Content";
			sourceTree = "<group>";
		};
		0DE099822A2725BC00C92206 /* progressBar */ = {
			isa = PBXGroup;
			children = (
				0DE099852A2726F600C92206 /* MyProgressView.swift */,
				0DE099872A27723E00C92206 /* MyAppProgress.swift */,
			);
			path = progressBar;
			sourceTree = "<group>";
		};
		0DE0998A2A2787B800C92206 /* Imagenes */ = {
			isa = PBXGroup;
			children = (
				0DE0998B2A2787D300C92206 /* giftProgressView.gif */,
			);
			path = Imagenes;
			sourceTree = "<group>";
		};
		0DE0998D2A278D3A00C92206 /* New Group */ = {
			isa = PBXGroup;
			children = (
				0DE0998E2A278D4B00C92206 /* giftProgressView.gif */,
			);
			path = "New Group";
			sourceTree = "<group>";
		};
/* End PBXGroup section */

/* Begin PBXNativeTarget section */
		0DE099702A27259700C92206 /* little-projects */ = {
			isa = PBXNativeTarget;
			buildConfigurationList = 0DE0997F2A27259700C92206 /* Build configuration list for PBXNativeTarget "little-projects" */;
			buildPhases = (
				0DE0996D2A27259700C92206 /* Sources */,
				0DE0996E2A27259700C92206 /* Frameworks */,
				0DE0996F2A27259700C92206 /* Resources */,
			);
			buildRules = (
			);
			dependencies = (
			);
			name = "little-projects";
			productName = "little-projects";
			productReference = 0DE099712A27259700C92206 /* little-projects.app */;
			productType = "com.apple.product-type.application";
		};
/* End PBXNativeTarget section */

/* Begin PBXProject section */
		0DE099692A27259700C92206 /* Project object */ = {
			isa = PBXProject;
			attributes = {
				BuildIndependentTargetsInParallel = 1;
				LastSwiftUpdateCheck = 1420;
				LastUpgradeCheck = 1420;
				TargetAttributes = {
					0DE099702A27259700C92206 = {
						CreatedOnToolsVersion = 14.2;
					};
				};
			};
			buildConfigurationList = 0DE0996C2A27259700C92206 /* Build configuration list for PBXProject "little-projects" */;
			compatibilityVersion = "Xcode 14.0";
			developmentRegion = en;
			hasScannedForEncodings = 0;
			knownRegions = (
				en,
				Base,
			);
			mainGroup = 0DE099682A27259700C92206;
			productRefGroup = 0DE099722A27259700C92206 /* Products */;
			projectDirPath = "";
			projectRoot = "";
			targets = (
				0DE099702A27259700C92206 /* little-projects */,
			);
		};
/* End PBXProject section */

/* Begin PBXResourcesBuildPhase section */
		0DE0996F2A27259700C92206 /* Resources */ = {
			isa = PBXResourcesBuildPhase;
			buildActionMask = 2147483647;
			files = (
				0DE0997C2A27259700C92206 /* Preview Assets.xcassets in Resources */,
				0DE099792A27259700C92206 /* Assets.xcassets in Resources */,
				0DE0998F2A278D4B00C92206 /* giftProgressView.gif in Resources */,
				0DE0998C2A2787D300C92206 /* giftProgressView.gif in Resources */,
			);
			runOnlyForDeploymentPostprocessing = 0;
		};
/* End PBXResourcesBuildPhase section */

/* Begin PBXSourcesBuildPhase section */
		0DE0996D2A27259700C92206 /* Sources */ = {
			isa = PBXSourcesBuildPhase;
			buildActionMask = 2147483647;
			files = (
				0DE099862A2726F600C92206 /* MyProgressView.swift in Sources */,
				0DE099772A27259700C92206 /* ContentView.swift in Sources */,
				0DE099882A27723E00C92206 /* MyAppProgress.swift in Sources */,
				0DE099752A27259700C92206 /* little_projectsApp.swift in Sources */,
			);
			runOnlyForDeploymentPostprocessing = 0;
		};
/* End PBXSourcesBuildPhase section */

/* Begin XCBuildConfiguration section */
		0DE0997D2A27259700C92206 /* Debug */ = {
			isa = XCBuildConfiguration;
			buildSettings = {
				ALWAYS_SEARCH_USER_PATHS = NO;
				CLANG_ANALYZER_NONNULL = YES;
				CLANG_ANALYZER_NUMBER_OBJECT_CONVERSION = YES_AGGRESSIVE;
				CLANG_CXX_LANGUAGE_STANDARD = "gnu++20";
				CLANG_ENABLE_MODULES = YES;
				CLANG_ENABLE_OBJC_ARC = YES;
				CLANG_ENABLE_OBJC_WEAK = YES;
				CLANG_WARN_BLOCK_CAPTURE_AUTORELEASING = YES;
				CLANG_WARN_BOOL_CONVERSION = YES;
				CLANG_WARN_COMMA = YES;
				CLANG_WARN_CONSTANT_CONVERSION = YES;
				CLANG_WARN_DEPRECATED_OBJC_IMPLEMENTATIONS = YES;
				CLANG_WARN_DIRECT_OBJC_ISA_USAGE = YES_ERROR;
				CLANG_WARN_DOCUMENTATION_COMMENTS = YES;
				CLANG_WARN_EMPTY_BODY = YES;
				CLANG_WARN_ENUM_CONVERSION = YES;
				CLANG_WARN_INFINITE_RECURSION = YES;
				CLANG_WARN_INT_CONVERSION = YES;
				CLANG_WARN_NON_LITERAL_NULL_CONVERSION = YES;
				CLANG_WARN_OBJC_IMPLICIT_RETAIN_SELF = YES;
				CLANG_WARN_OBJC_LITERAL_CONVERSION = YES;
				CLANG_WARN_OBJC_ROOT_CLASS = YES_ERROR;
				CLANG_WARN_QUOTED_INCLUDE_IN_FRAMEWORK_HEADER = YES;
				CLANG_WARN_RANGE_LOOP_ANALYSIS = YES;
				CLANG_WARN_STRICT_PROTOTYPES = YES;
				CLANG_WARN_SUSPICIOUS_MOVE = YES;
				CLANG_WARN_UNGUARDED_AVAILABILITY = YES_AGGRESSIVE;
				CLANG_WARN_UNREACHABLE_CODE = YES;
				CLANG_WARN__DUPLICATE_METHOD_MATCH = YES;
				COPY_PHASE_STRIP = NO;
				DEBUG_INFORMATION_FORMAT = dwarf;
				ENABLE_STRICT_OBJC_MSGSEND = YES;
				ENABLE_TESTABILITY = YES;
				GCC_C_LANGUAGE_STANDARD = gnu11;
				GCC_DYNAMIC_NO_PIC = NO;
				GCC_NO_COMMON_BLOCKS = YES;
				GCC_OPTIMIZATION_LEVEL = 0;
				GCC_PREPROCESSOR_DEFINITIONS = (
					"DEBUG=1",
					"$(inherited)",
				);
				GCC_WARN_64_TO_32_BIT_CONVERSION = YES;
				GCC_WARN_ABOUT_RETURN_TYPE = YES_ERROR;
				GCC_WARN_UNDECLARED_SELECTOR = YES;
				GCC_WARN_UNINITIALIZED_AUTOS = YES_AGGRESSIVE;
				GCC_WARN_UNUSED_FUNCTION = YES;
				GCC_WARN_UNUSED_VARIABLE = YES;
				IPHONEOS_DEPLOYMENT_TARGET = 16.2;
				MTL_ENABLE_DEBUG_INFO = INCLUDE_SOURCE;
				MTL_FAST_MATH = YES;
				ONLY_ACTIVE_ARCH = YES;
				SDKROOT = iphoneos;
				SWIFT_ACTIVE_COMPILATION_CONDITIONS = DEBUG;
				SWIFT_OPTIMIZATION_LEVEL = "-Onone";
			};
			name = Debug;
		};
		0DE0997E2A27259700C92206 /* Release */ = {
			isa = XCBuildConfiguration;
			buildSettings = {
				ALWAYS_SEARCH_USER_PATHS = NO;
				CLANG_ANALYZER_NONNULL = YES;
				CLANG_ANALYZER_NUMBER_OBJECT_CONVERSION = YES_AGGRESSIVE;
				CLANG_CXX_LANGUAGE_STANDARD = "gnu++20";
				CLANG_ENABLE_MODULES = YES;
				CLANG_ENABLE_OBJC_ARC = YES;
				CLANG_ENABLE_OBJC_WEAK = YES;
				CLANG_WARN_BLOCK_CAPTURE_AUTORELEASING = YES;
				CLANG_WARN_BOOL_CONVERSION = YES;
				CLANG_WARN_COMMA = YES;
				CLANG_WARN_CONSTANT_CONVERSION = YES;
				CLANG_WARN_DEPRECATED_OBJC_IMPLEMENTATIONS = YES;
				CLANG_WARN_DIRECT_OBJC_ISA_USAGE = YES_ERROR;
				CLANG_WARN_DOCUMENTATION_COMMENTS = YES;
				CLANG_WARN_EMPTY_BODY = YES;
				CLANG_WARN_ENUM_CONVERSION = YES;
				CLANG_WARN_INFINITE_RECURSION = YES;
				CLANG_WARN_INT_CONVERSION = YES;
				CLANG_WARN_NON_LITERAL_NULL_CONVERSION = YES;
				CLANG_WARN_OBJC_IMPLICIT_RETAIN_SELF = YES;
				CLANG_WARN_OBJC_LITERAL_CONVERSION = YES;
				CLANG_WARN_OBJC_ROOT_CLASS = YES_ERROR;
				CLANG_WARN_QUOTED_INCLUDE_IN_FRAMEWORK_HEADER = YES;
				CLANG_WARN_RANGE_LOOP_ANALYSIS = YES;
				CLANG_WARN_STRICT_PROTOTYPES = YES;
				CLANG_WARN_SUSPICIOUS_MOVE = YES;
				CLANG_WARN_UNGUARDED_AVAILABILITY = YES_AGGRESSIVE;
				CLANG_WARN_UNREACHABLE_CODE = YES;
				CLANG_WARN__DUPLICATE_METHOD_MATCH = YES;
				COPY_PHASE_STRIP = NO;
				DEBUG_INFORMATION_FORMAT = "dwarf-with-dsym";
				ENABLE_NS_ASSERTIONS = NO;
				ENABLE_STRICT_OBJC_MSGSEND = YES;
				GCC_C_LANGUAGE_STANDARD = gnu11;
				GCC_NO_COMMON_BLOCKS = YES;
				GCC_WARN_64_TO_32_BIT_CONVERSION = YES;
				GCC_WARN_ABOUT_RETURN_TYPE = YES_ERROR;
				GCC_WARN_UNDECLARED_SELECTOR = YES;
				GCC_WARN_UNINITIALIZED_AUTOS = YES_AGGRESSIVE;
				GCC_WARN_UNUSED_FUNCTION = YES;
				GCC_WARN_UNUSED_VARIABLE = YES;
				IPHONEOS_DEPLOYMENT_TARGET = 16.2;
				MTL_ENABLE_DEBUG_INFO = NO;
				MTL_FAST_MATH = YES;
				SDKROOT = iphoneos;
				SWIFT_COMPILATION_MODE = wholemodule;
				SWIFT_OPTIMIZATION_LEVEL = "-O";
				VALIDATE_PRODUCT = YES;
			};
			name = Release;
		};
		0DE099802A27259700C92206 /* Debug */ = {
			isa = XCBuildConfiguration;
			buildSettings = {
				ASSETCATALOG_COMPILER_APPICON_NAME = AppIcon;
				ASSETCATALOG_COMPILER_GLOBAL_ACCENT_COLOR_NAME = AccentColor;
				CODE_SIGN_STYLE = Automatic;
				CURRENT_PROJECT_VERSION = 1;
				DEVELOPMENT_ASSET_PATHS = "\"little-projects/Preview Content\"";
				ENABLE_PREVIEWS = YES;
				GENERATE_INFOPLIST_FILE = YES;
				INFOPLIST_KEY_UIApplicationSceneManifest_Generation = YES;
				INFOPLIST_KEY_UIApplicationSupportsIndirectInputEvents = YES;
				INFOPLIST_KEY_UILaunchScreen_Generation = YES;
				INFOPLIST_KEY_UISupportedInterfaceOrientations_iPad = "UIInterfaceOrientationPortrait UIInterfaceOrientationPortraitUpsideDown UIInterfaceOrientationLandscapeLeft UIInterfaceOrientationLandscapeRight";
				INFOPLIST_KEY_UISupportedInterfaceOrientations_iPhone = "UIInterfaceOrientationPortrait UIInterfaceOrientationLandscapeLeft UIInterfaceOrientationLandscapeRight";
				LD_RUNPATH_SEARCH_PATHS = (
					"$(inherited)",
					"@executable_path/Frameworks",
				);
				MARKETING_VERSION = 1.0;
				PRODUCT_BUNDLE_IDENTIFIER = "raquel.little-projects";
				PRODUCT_NAME = "$(TARGET_NAME)";
				SWIFT_EMIT_LOC_STRINGS = YES;
				SWIFT_VERSION = 5.0;
				TARGETED_DEVICE_FAMILY = "1,2";
			};
			name = Debug;
		};
		0DE099812A27259700C92206 /* Release */ = {
			isa = XCBuildConfiguration;
			buildSettings = {
				ASSETCATALOG_COMPILER_APPICON_NAME = AppIcon;
				ASSETCATALOG_COMPILER_GLOBAL_ACCENT_COLOR_NAME = AccentColor;
				CODE_SIGN_STYLE = Automatic;
				CURRENT_PROJECT_VERSION = 1;
				DEVELOPMENT_ASSET_PATHS = "\"little-projects/Preview Content\"";
				ENABLE_PREVIEWS = YES;
				GENERATE_INFOPLIST_FILE = YES;
				INFOPLIST_KEY_UIApplicationSceneManifest_Generation = YES;
				INFOPLIST_KEY_UIApplicationSupportsIndirectInputEvents = YES;
				INFOPLIST_KEY_UILaunchScreen_Generation = YES;
				INFOPLIST_KEY_UISupportedInterfaceOrientations_iPad = "UIInterfaceOrientationPortrait UIInterfaceOrientationPortraitUpsideDown UIInterfaceOrientationLandscapeLeft UIInterfaceOrientationLandscapeRight";
				INFOPLIST_KEY_UISupportedInterfaceOrientations_iPhone = "UIInterfaceOrientationPortrait UIInterfaceOrientationLandscapeLeft UIInterfaceOrientationLandscapeRight";
				LD_RUNPATH_SEARCH_PATHS = (
					"$(inherited)",
					"@executable_path/Frameworks",
				);
				MARKETING_VERSION = 1.0;
				PRODUCT_BUNDLE_IDENTIFIER = "raquel.little-projects";
				PRODUCT_NAME = "$(TARGET_NAME)";
				SWIFT_EMIT_LOC_STRINGS = YES;
				SWIFT_VERSION = 5.0;
				TARGETED_DEVICE_FAMILY = "1,2";
			};
			name = Release;
		};
/* End XCBuildConfiguration section */

/* Begin XCConfigurationList section */
		0DE0996C2A27259700C92206 /* Build configuration list for PBXProject "little-projects" */ = {
			isa = XCConfigurationList;
			buildConfigurations = (
				0DE0997D2A27259700C92206 /* Debug */,
				0DE0997E2A27259700C92206 /* Release */,
			);
			defaultConfigurationIsVisible = 0;
			defaultConfigurationName = Release;
		};
		0DE0997F2A27259700C92206 /* Build configuration list for PBXNativeTarget "little-projects" */ = {
			isa = XCConfigurationList;
			buildConfigurations = (
				0DE099802A27259700C92206 /* Debug */,
				0DE099812A27259700C92206 /* Release */,
			);
			defaultConfigurationIsVisible = 0;
			defaultConfigurationName = Release;
		};
/* End XCConfigurationList section */
	};
	rootObject = 0DE099692A27259700C92206 /* Project object */;
}
